
Microsoft Visual Studio Solution File, Format Version 12.00
# Visual Studio Version 17
VisualStudioVersion = 17.7.34031.279
MinimumVisualStudioVersion = 10.0.40219.1
Project("{FAE04EC0-301F-11D3-BF4B-00C04F79EFBC}") = "jen", "jen\jen.csproj", "{649CC00F-95CF-49F3-A362-B73DF4FEEB61}"
EndProject
Project("{FAE04EC0-301F-11D3-BF4B-00C04F79EFBC}") = "TestProject1", "TestProject1\TestProject1.csproj", "{255682DB-1B73-4827-8C75-B718E1ED0FE0}"
EndProject
Global
	GlobalSection(SolutionConfigurationPlatforms) = preSolution
		Debug|Any CPU = Debug|Any CPU
		Release|Any CPU = Release|Any CPU
	EndGlobalSection
	GlobalSection(ProjectConfigurationPlatforms) = postSolution
		{649CC00F-95CF-49F3-A362-B73DF4FEEB61}.Debug|Any CPU.ActiveCfg = Debug|Any CPU
		{649CC00F-95CF-49F3-A362-B73DF4FEEB61}.Debug|Any CPU.Build.0 = Debug|Any CPU
		{649CC00F-95CF-49F3-A362-B73DF4FEEB61}.Release|Any CPU.ActiveCfg = Release|Any CPU
		{649CC00F-95CF-49F3-A362-B73DF4FEEB61}.Release|Any CPU.Build.0 = Release|Any CPU
		{255682DB-1B73-4827-8C75-B718E1ED0FE0}.Debug|Any CPU.ActiveCfg = Debug|Any CPU
		{255682DB-1B73-4827-8C75-B718E1ED0FE0}.Debug|Any CPU.Build.0 = Debug|Any CPU
		{255682DB-1B73-4827-8C75-B718E1ED0FE0}.Release|Any CPU.ActiveCfg = Release|Any CPU
		{255682DB-1B73-4827-8C75-B718E1ED0FE0}.Release|Any CPU.Build.0 = Release|Any CPU
	EndGlobalSection
	GlobalSection(SolutionProperties) = preSolution
		HideSolutionNode = FALSE
	EndGlobalSection
	GlobalSection(ExtensibilityGlobals) = postSolution
		SolutionGuid = {FDEA785C-8AAF-4FA7-B2F2-95D98A6114C1}
	EndGlobalSection
EndGlobal
